{
  "object": {
    "pins": [
      {
        "package": "swift-nio",
        "repositoryURL": "https://github.com/apple/swift-nio.git",
        "state": {
          "branch": null,
          "revision": "c07fea1aa5fa8147a4f43929fff6d71ec17f01fb",
          "version": "2.0.1"
        }
      },
      {
        "package": "swift-nio-http-client",
        "repositoryURL": "https://github.com/swift-server/swift-nio-http-client.git",
        "state": {
          "branch": "master",
          "revision": "23dd98416b4be724894294e89cd8e6a7a462cff7",
          "version": null
        }
      },
      {
        "package": "swift-nio-ssl",
        "repositoryURL": "https://github.com/apple/swift-nio-ssl.git",
        "state": {
          "branch": null,
          "revision": "f9ac0c3486f8e9333e791caf135e3fe067e0e66c",
          "version": "2.0.2"
        }
      },
      {
        "package": "nio-websocket-client",
        "repositoryURL": "https://github.com/vapor/swift-nio-websocket-client.git",
        "state": {
          "branch": "master",
          "revision": "5bbe62bc77bfdebab3a5819deeafd3fe607b3b1d",
          "version": null
        }
      }
    ]
  },
  "version": 1
}
