{
  "object": {
    "pins": [
      {
        "package": "swift-nio",
        "repositoryURL": "https://github.com/apple/swift-nio.git",
        "state": {
          "branch": null,
          "revision": "b2be49ada3d2cf3824e038505be32230d6e62893",
          "version": "2.1.1"
        }
      },
      {
        "package": "swift-nio-http-client",
        "repositoryURL": "https://github.com/swift-server/swift-nio-http-client.git",
        "state": {
          "branch": "master",
          "revision": "317f4fa6654aa19112583d40f8bb8295c3f0eeec",
          "version": null
        }
      },
      {
        "package": "swift-nio-ssl",
        "repositoryURL": "https://github.com/apple/swift-nio-ssl.git",
        "state": {
          "branch": null,
          "revision": "f9ac0c3486f8e9333e791caf135e3fe067e0e66c",
          "version": "2.0.2"
        }
      },
      {
        "package": "nio-websocket-client",
        "repositoryURL": "https://github.com/vapor/swift-nio-websocket-client.git",
        "state": {
          "branch": "master",
          "revision": "2c6475a5c576117e55f283b67427d95fd545c0a3",
          "version": null
        }
      }
    ]
  },
  "version": 1
}
