{
  "object": {
    "pins": [
      {
        "package": "SSCZLib",
        "repositoryURL": "https://github.com/Azoy/zlib-spm.git",
        "state": {
          "branch": null,
          "revision": "f92fc0658af4cd9b11f233e9c02786ecbf75f1ee",
          "version": "1.2.0"
        }
      },
      {
        "package": "SSCommonCrypto",
        "repositoryURL": "https://github.com/Azoy/common-crypto-spm.git",
        "state": {
          "branch": null,
          "revision": "7e9904a0d0c0024a86ab6fe5698ffc8f7799efb4",
          "version": "1.2.0"
        }
      },
      {
        "package": "Starscream",
        "repositoryURL": "https://github.com/Azoy/Starscream.git",
        "state": {
          "branch": null,
          "revision": "83df56fefe4217104329a875a84aa0460b412543",
          "version": "3.0.5"
        }
      }
    ]
  },
  "version": 1
}
